
Microsoft Visual Studio Solution File, Format Version 12.00
# Visual Studio 15
VisualStudioVersion = 15.0.28307.106
MinimumVisualStudioVersion = 10.0.40219.1
Project("{2150E333-8FDC-42A3-9474-1A3956D46DE8}") = "Chapter01", "Chapter01", "{80723D78-EB23-4A75-8525-6E640F2FD2D7}"
EndProject
Project("{8BC9CEB8-8B4A-11D0-8D11-00A0C91BC942}") = "HelloWorld", "Chapter 01\HelloWorld\HelloWorld.vcxproj", "{36E009D6-9158-4CBF-ADFE-087EA3382697}"
EndProject
Project("{8BC9CEB8-8B4A-11D0-8D11-00A0C91BC942}") = "StandardWindow", "Chapter 01\StandardWindow\StandardWindow.vcxproj", "{3AFC98A5-5F6B-4C53-9D74-1BA80D1C7FB5}"
EndProject
Project("{2150E333-8FDC-42A3-9474-1A3956D46DE8}") = "Chapter02", "Chapter02", "{46DE3286-229F-4613-AD1D-4A7CE6D69745}"
EndProject
Project("{8BC9CEB8-8B4A-11D0-8D11-00A0C91BC942}") = "BackBuffer", "Chapter 02\BackBuffer\BackBuffer.vcxproj", "{3F989BF8-9ABD-4C2E-AE66-86AF388BABA9}"
EndProject
Project("{8BC9CEB8-8B4A-11D0-8D11-00A0C91BC942}") = "Dialog", "Chapter 02\Dialog\Dialog.vcxproj", "{85CB65C2-1E7D-43D4-AA22-BCA77E27AB74}"
EndProject
Project("{8BC9CEB8-8B4A-11D0-8D11-00A0C91BC942}") = "RunByFrames", "Chapter 02\RunByFrames\RunByFrames.vcxproj", "{DC872EC3-FE98-4B25-A93F-4B96CA05BEAF}"
EndProject
Project("{2150E333-8FDC-42A3-9474-1A3956D46DE8}") = "Chapter03", "Chapter03", "{713EA749-6F5E-406E-894B-E5185E61414D}"
EndProject
Project("{8BC9CEB8-8B4A-11D0-8D11-00A0C91BC942}") = "Labyrinth", "Chapter 03\Labyrinth\Labyrinth.vcxproj", "{7154C006-A4A5-4F22-A8AD-E455C917D693}"
EndProject
Project("{2150E333-8FDC-42A3-9474-1A3956D46DE8}") = "Chapter04", "Chapter04", "{407D2F61-2D0F-49EA-895A-78B51BB4AD82}"
EndProject
Project("{8BC9CEB8-8B4A-11D0-8D11-00A0C91BC942}") = "TSP(banned)", "Chapter 04\TSP(banned)\TSP(banned).vcxproj", "{04294F30-C354-41E6-9A10-33C5FCFF2F8D}"
EndProject
Project("{8BC9CEB8-8B4A-11D0-8D11-00A0C91BC942}") = "MyTSP", "Chapter 04\MyTSP\MyTSP.vcxproj", "{6B0C5F73-9271-4C31-AD4C-FF760A39FBD8}"
EndProject
Project("{8BC9CEB8-8B4A-11D0-8D11-00A0C91BC942}") = "RedContritioStandard", "Chapter 04\RedContritioStandard\RedContritioStandard.vcxproj", "{17E00DA3-A90F-45D3-9485-E04C4FB3FC2F}"
EndProject
Project("{2150E333-8FDC-42A3-9474-1A3956D46DE8}") = "Chapter05", "Chapter05", "{94496879-379D-4915-B462-633F98FF4487}"
EndProject
Project("{8BC9CEB8-8B4A-11D0-8D11-00A0C91BC942}") = "EightPuzzle", "Chapter 05\EightPuzzle\EightPuzzle.vcxproj", "{47CB5047-50FC-493F-8E5C-2AFDD4A10640}"
EndProject
Project("{8BC9CEB8-8B4A-11D0-8D11-00A0C91BC942}") = "Improved-TSP", "Chapter 05\Improved-TSP\Improved-TSP.vcxproj", "{9E55F769-2520-4FC7-A2E6-5AD4F2EE9DBE}"
EndProject
Project("{2150E333-8FDC-42A3-9474-1A3956D46DE8}") = "Chapter06", "Chapter06", "{DC42F985-DD4F-43B3-A03B-0E65F9BB185A}"
EndProject
Project("{8BC9CEB8-8B4A-11D0-8D11-00A0C91BC942}") = "Simple-Shape-Practice", "Chapter 06\Simple-Shape-Practice\Simple-Shape-Practice.vcxproj", "{112609FC-F994-4410-B744-F7593620D2D9}"
EndProject
Project("{8BC9CEB8-8B4A-11D0-8D11-00A0C91BC942}") = "Simple-Shape-Matrix-Practice", "Chapter 06\Simple-Shape-Matrix-Practice\Simple-Shape-Matrix-Practice.vcxproj", "{A33076CF-945F-4572-ABF3-52959D116941}"
EndProject
Project("{8BC9CEB8-8B4A-11D0-8D11-00A0C91BC942}") = "Lunar-Lander", "Chapter 06\Lunar-Lander\Lunar-Lander.vcxproj", "{C01E42C9-C084-435A-88CD-C0059F727123}"
EndProject
Project("{8BC9CEB8-8B4A-11D0-8D11-00A0C91BC942}") = "Solar-System", "Chapter 06\Solar-System\Solar-System.vcxproj", "{9E57DE41-5CE7-4A9C-8220-20BE7B5AF737}"
EndProject
Project("{8BC9CEB8-8B4A-11D0-8D11-00A0C91BC942}") = "MultiplyBodys", "Chapter 06\MultiplyBodys\MultiplyBodys.vcxproj", "{27889E4A-DCC6-45F1-9070-E379A1213A06}"
EndProject
Global
	GlobalSection(SolutionConfigurationPlatforms) = preSolution
		Debug|x64 = Debug|x64
		Debug|x86 = Debug|x86
		Release|x64 = Release|x64
		Release|x86 = Release|x86
	EndGlobalSection
	GlobalSection(ProjectConfigurationPlatforms) = postSolution
		{36E009D6-9158-4CBF-ADFE-087EA3382697}.Debug|x64.ActiveCfg = Debug|x64
		{36E009D6-9158-4CBF-ADFE-087EA3382697}.Debug|x64.Build.0 = Debug|x64
		{36E009D6-9158-4CBF-ADFE-087EA3382697}.Debug|x86.ActiveCfg = Debug|Win32
		{36E009D6-9158-4CBF-ADFE-087EA3382697}.Debug|x86.Build.0 = Debug|Win32
		{36E009D6-9158-4CBF-ADFE-087EA3382697}.Release|x64.ActiveCfg = Release|x64
		{36E009D6-9158-4CBF-ADFE-087EA3382697}.Release|x64.Build.0 = Release|x64
		{36E009D6-9158-4CBF-ADFE-087EA3382697}.Release|x86.ActiveCfg = Release|Win32
		{36E009D6-9158-4CBF-ADFE-087EA3382697}.Release|x86.Build.0 = Release|Win32
		{3AFC98A5-5F6B-4C53-9D74-1BA80D1C7FB5}.Debug|x64.ActiveCfg = Debug|x64
		{3AFC98A5-5F6B-4C53-9D74-1BA80D1C7FB5}.Debug|x64.Build.0 = Debug|x64
		{3AFC98A5-5F6B-4C53-9D74-1BA80D1C7FB5}.Debug|x86.ActiveCfg = Debug|Win32
		{3AFC98A5-5F6B-4C53-9D74-1BA80D1C7FB5}.Debug|x86.Build.0 = Debug|Win32
		{3AFC98A5-5F6B-4C53-9D74-1BA80D1C7FB5}.Release|x64.ActiveCfg = Release|x64
		{3AFC98A5-5F6B-4C53-9D74-1BA80D1C7FB5}.Release|x64.Build.0 = Release|x64
		{3AFC98A5-5F6B-4C53-9D74-1BA80D1C7FB5}.Release|x86.ActiveCfg = Release|Win32
		{3AFC98A5-5F6B-4C53-9D74-1BA80D1C7FB5}.Release|x86.Build.0 = Release|Win32
		{3F989BF8-9ABD-4C2E-AE66-86AF388BABA9}.Debug|x64.ActiveCfg = Debug|x64
		{3F989BF8-9ABD-4C2E-AE66-86AF388BABA9}.Debug|x64.Build.0 = Debug|x64
		{3F989BF8-9ABD-4C2E-AE66-86AF388BABA9}.Debug|x86.ActiveCfg = Debug|Win32
		{3F989BF8-9ABD-4C2E-AE66-86AF388BABA9}.Debug|x86.Build.0 = Debug|Win32
		{3F989BF8-9ABD-4C2E-AE66-86AF388BABA9}.Release|x64.ActiveCfg = Release|x64
		{3F989BF8-9ABD-4C2E-AE66-86AF388BABA9}.Release|x64.Build.0 = Release|x64
		{3F989BF8-9ABD-4C2E-AE66-86AF388BABA9}.Release|x86.ActiveCfg = Release|Win32
		{3F989BF8-9ABD-4C2E-AE66-86AF388BABA9}.Release|x86.Build.0 = Release|Win32
		{85CB65C2-1E7D-43D4-AA22-BCA77E27AB74}.Debug|x64.ActiveCfg = Debug|x64
		{85CB65C2-1E7D-43D4-AA22-BCA77E27AB74}.Debug|x64.Build.0 = Debug|x64
		{85CB65C2-1E7D-43D4-AA22-BCA77E27AB74}.Debug|x86.ActiveCfg = Debug|Win32
		{85CB65C2-1E7D-43D4-AA22-BCA77E27AB74}.Debug|x86.Build.0 = Debug|Win32
		{85CB65C2-1E7D-43D4-AA22-BCA77E27AB74}.Release|x64.ActiveCfg = Release|x64
		{85CB65C2-1E7D-43D4-AA22-BCA77E27AB74}.Release|x64.Build.0 = Release|x64
		{85CB65C2-1E7D-43D4-AA22-BCA77E27AB74}.Release|x86.ActiveCfg = Release|Win32
		{85CB65C2-1E7D-43D4-AA22-BCA77E27AB74}.Release|x86.Build.0 = Release|Win32
		{DC872EC3-FE98-4B25-A93F-4B96CA05BEAF}.Debug|x64.ActiveCfg = Debug|x64
		{DC872EC3-FE98-4B25-A93F-4B96CA05BEAF}.Debug|x64.Build.0 = Debug|x64
		{DC872EC3-FE98-4B25-A93F-4B96CA05BEAF}.Debug|x86.ActiveCfg = Debug|Win32
		{DC872EC3-FE98-4B25-A93F-4B96CA05BEAF}.Debug|x86.Build.0 = Debug|Win32
		{DC872EC3-FE98-4B25-A93F-4B96CA05BEAF}.Release|x64.ActiveCfg = Release|x64
		{DC872EC3-FE98-4B25-A93F-4B96CA05BEAF}.Release|x64.Build.0 = Release|x64
		{DC872EC3-FE98-4B25-A93F-4B96CA05BEAF}.Release|x86.ActiveCfg = Release|Win32
		{DC872EC3-FE98-4B25-A93F-4B96CA05BEAF}.Release|x86.Build.0 = Release|Win32
		{7154C006-A4A5-4F22-A8AD-E455C917D693}.Debug|x64.ActiveCfg = Debug|x64
		{7154C006-A4A5-4F22-A8AD-E455C917D693}.Debug|x64.Build.0 = Debug|x64
		{7154C006-A4A5-4F22-A8AD-E455C917D693}.Debug|x86.ActiveCfg = Debug|Win32
		{7154C006-A4A5-4F22-A8AD-E455C917D693}.Debug|x86.Build.0 = Debug|Win32
		{7154C006-A4A5-4F22-A8AD-E455C917D693}.Release|x64.ActiveCfg = Release|x64
		{7154C006-A4A5-4F22-A8AD-E455C917D693}.Release|x64.Build.0 = Release|x64
		{7154C006-A4A5-4F22-A8AD-E455C917D693}.Release|x86.ActiveCfg = Release|Win32
		{7154C006-A4A5-4F22-A8AD-E455C917D693}.Release|x86.Build.0 = Release|Win32
		{04294F30-C354-41E6-9A10-33C5FCFF2F8D}.Debug|x64.ActiveCfg = Debug|x64
		{04294F30-C354-41E6-9A10-33C5FCFF2F8D}.Debug|x64.Build.0 = Debug|x64
		{04294F30-C354-41E6-9A10-33C5FCFF2F8D}.Debug|x86.ActiveCfg = Debug|Win32
		{04294F30-C354-41E6-9A10-33C5FCFF2F8D}.Debug|x86.Build.0 = Debug|Win32
		{04294F30-C354-41E6-9A10-33C5FCFF2F8D}.Release|x64.ActiveCfg = Release|x64
		{04294F30-C354-41E6-9A10-33C5FCFF2F8D}.Release|x64.Build.0 = Release|x64
		{04294F30-C354-41E6-9A10-33C5FCFF2F8D}.Release|x86.ActiveCfg = Release|Win32
		{04294F30-C354-41E6-9A10-33C5FCFF2F8D}.Release|x86.Build.0 = Release|Win32
		{6B0C5F73-9271-4C31-AD4C-FF760A39FBD8}.Debug|x64.ActiveCfg = Debug|x64
		{6B0C5F73-9271-4C31-AD4C-FF760A39FBD8}.Debug|x64.Build.0 = Debug|x64
		{6B0C5F73-9271-4C31-AD4C-FF760A39FBD8}.Debug|x86.ActiveCfg = Debug|Win32
		{6B0C5F73-9271-4C31-AD4C-FF760A39FBD8}.Debug|x86.Build.0 = Debug|Win32
		{6B0C5F73-9271-4C31-AD4C-FF760A39FBD8}.Release|x64.ActiveCfg = Release|x64
		{6B0C5F73-9271-4C31-AD4C-FF760A39FBD8}.Release|x64.Build.0 = Release|x64
		{6B0C5F73-9271-4C31-AD4C-FF760A39FBD8}.Release|x86.ActiveCfg = Release|Win32
		{6B0C5F73-9271-4C31-AD4C-FF760A39FBD8}.Release|x86.Build.0 = Release|Win32
		{17E00DA3-A90F-45D3-9485-E04C4FB3FC2F}.Debug|x64.ActiveCfg = Debug|x64
		{17E00DA3-A90F-45D3-9485-E04C4FB3FC2F}.Debug|x64.Build.0 = Debug|x64
		{17E00DA3-A90F-45D3-9485-E04C4FB3FC2F}.Debug|x86.ActiveCfg = Debug|Win32
		{17E00DA3-A90F-45D3-9485-E04C4FB3FC2F}.Debug|x86.Build.0 = Debug|Win32
		{17E00DA3-A90F-45D3-9485-E04C4FB3FC2F}.Release|x64.ActiveCfg = Release|x64
		{17E00DA3-A90F-45D3-9485-E04C4FB3FC2F}.Release|x64.Build.0 = Release|x64
		{17E00DA3-A90F-45D3-9485-E04C4FB3FC2F}.Release|x86.ActiveCfg = Release|Win32
		{17E00DA3-A90F-45D3-9485-E04C4FB3FC2F}.Release|x86.Build.0 = Release|Win32
		{47CB5047-50FC-493F-8E5C-2AFDD4A10640}.Debug|x64.ActiveCfg = Debug|x64
		{47CB5047-50FC-493F-8E5C-2AFDD4A10640}.Debug|x64.Build.0 = Debug|x64
		{47CB5047-50FC-493F-8E5C-2AFDD4A10640}.Debug|x86.ActiveCfg = Debug|Win32
		{47CB5047-50FC-493F-8E5C-2AFDD4A10640}.Debug|x86.Build.0 = Debug|Win32
		{47CB5047-50FC-493F-8E5C-2AFDD4A10640}.Release|x64.ActiveCfg = Release|x64
		{47CB5047-50FC-493F-8E5C-2AFDD4A10640}.Release|x64.Build.0 = Release|x64
		{47CB5047-50FC-493F-8E5C-2AFDD4A10640}.Release|x86.ActiveCfg = Release|Win32
		{47CB5047-50FC-493F-8E5C-2AFDD4A10640}.Release|x86.Build.0 = Release|Win32
		{9E55F769-2520-4FC7-A2E6-5AD4F2EE9DBE}.Debug|x64.ActiveCfg = Debug|x64
		{9E55F769-2520-4FC7-A2E6-5AD4F2EE9DBE}.Debug|x64.Build.0 = Debug|x64
		{9E55F769-2520-4FC7-A2E6-5AD4F2EE9DBE}.Debug|x86.ActiveCfg = Debug|Win32
		{9E55F769-2520-4FC7-A2E6-5AD4F2EE9DBE}.Debug|x86.Build.0 = Debug|Win32
		{9E55F769-2520-4FC7-A2E6-5AD4F2EE9DBE}.Release|x64.ActiveCfg = Release|x64
		{9E55F769-2520-4FC7-A2E6-5AD4F2EE9DBE}.Release|x64.Build.0 = Release|x64
		{9E55F769-2520-4FC7-A2E6-5AD4F2EE9DBE}.Release|x86.ActiveCfg = Release|Win32
		{9E55F769-2520-4FC7-A2E6-5AD4F2EE9DBE}.Release|x86.Build.0 = Release|Win32
		{112609FC-F994-4410-B744-F7593620D2D9}.Debug|x64.ActiveCfg = Debug|x64
		{112609FC-F994-4410-B744-F7593620D2D9}.Debug|x64.Build.0 = Debug|x64
		{112609FC-F994-4410-B744-F7593620D2D9}.Debug|x86.ActiveCfg = Debug|Win32
		{112609FC-F994-4410-B744-F7593620D2D9}.Debug|x86.Build.0 = Debug|Win32
		{112609FC-F994-4410-B744-F7593620D2D9}.Release|x64.ActiveCfg = Release|x64
		{112609FC-F994-4410-B744-F7593620D2D9}.Release|x64.Build.0 = Release|x64
		{112609FC-F994-4410-B744-F7593620D2D9}.Release|x86.ActiveCfg = Release|Win32
		{112609FC-F994-4410-B744-F7593620D2D9}.Release|x86.Build.0 = Release|Win32
		{A33076CF-945F-4572-ABF3-52959D116941}.Debug|x64.ActiveCfg = Debug|x64
		{A33076CF-945F-4572-ABF3-52959D116941}.Debug|x64.Build.0 = Debug|x64
		{A33076CF-945F-4572-ABF3-52959D116941}.Debug|x86.ActiveCfg = Debug|Win32
		{A33076CF-945F-4572-ABF3-52959D116941}.Debug|x86.Build.0 = Debug|Win32
		{A33076CF-945F-4572-ABF3-52959D116941}.Release|x64.ActiveCfg = Release|x64
		{A33076CF-945F-4572-ABF3-52959D116941}.Release|x64.Build.0 = Release|x64
		{A33076CF-945F-4572-ABF3-52959D116941}.Release|x86.ActiveCfg = Release|Win32
		{A33076CF-945F-4572-ABF3-52959D116941}.Release|x86.Build.0 = Release|Win32
		{C01E42C9-C084-435A-88CD-C0059F727123}.Debug|x64.ActiveCfg = Debug|x64
		{C01E42C9-C084-435A-88CD-C0059F727123}.Debug|x64.Build.0 = Debug|x64
		{C01E42C9-C084-435A-88CD-C0059F727123}.Debug|x86.ActiveCfg = Debug|Win32
		{C01E42C9-C084-435A-88CD-C0059F727123}.Debug|x86.Build.0 = Debug|Win32
		{C01E42C9-C084-435A-88CD-C0059F727123}.Release|x64.ActiveCfg = Release|x64
		{C01E42C9-C084-435A-88CD-C0059F727123}.Release|x64.Build.0 = Release|x64
		{C01E42C9-C084-435A-88CD-C0059F727123}.Release|x86.ActiveCfg = Release|Win32
		{C01E42C9-C084-435A-88CD-C0059F727123}.Release|x86.Build.0 = Release|Win32
		{9E57DE41-5CE7-4A9C-8220-20BE7B5AF737}.Debug|x64.ActiveCfg = Debug|x64
		{9E57DE41-5CE7-4A9C-8220-20BE7B5AF737}.Debug|x64.Build.0 = Debug|x64
		{9E57DE41-5CE7-4A9C-8220-20BE7B5AF737}.Debug|x86.ActiveCfg = Debug|Win32
		{9E57DE41-5CE7-4A9C-8220-20BE7B5AF737}.Debug|x86.Build.0 = Debug|Win32
		{9E57DE41-5CE7-4A9C-8220-20BE7B5AF737}.Release|x64.ActiveCfg = Release|x64
		{9E57DE41-5CE7-4A9C-8220-20BE7B5AF737}.Release|x64.Build.0 = Release|x64
		{9E57DE41-5CE7-4A9C-8220-20BE7B5AF737}.Release|x86.ActiveCfg = Release|Win32
		{9E57DE41-5CE7-4A9C-8220-20BE7B5AF737}.Release|x86.Build.0 = Release|Win32
		{27889E4A-DCC6-45F1-9070-E379A1213A06}.Debug|x64.ActiveCfg = Debug|x64
		{27889E4A-DCC6-45F1-9070-E379A1213A06}.Debug|x64.Build.0 = Debug|x64
		{27889E4A-DCC6-45F1-9070-E379A1213A06}.Debug|x86.ActiveCfg = Debug|Win32
		{27889E4A-DCC6-45F1-9070-E379A1213A06}.Debug|x86.Build.0 = Debug|Win32
		{27889E4A-DCC6-45F1-9070-E379A1213A06}.Release|x64.ActiveCfg = Release|x64
		{27889E4A-DCC6-45F1-9070-E379A1213A06}.Release|x64.Build.0 = Release|x64
		{27889E4A-DCC6-45F1-9070-E379A1213A06}.Release|x86.ActiveCfg = Release|Win32
		{27889E4A-DCC6-45F1-9070-E379A1213A06}.Release|x86.Build.0 = Release|Win32
	EndGlobalSection
	GlobalSection(SolutionProperties) = preSolution
		HideSolutionNode = FALSE
	EndGlobalSection
	GlobalSection(NestedProjects) = preSolution
		{36E009D6-9158-4CBF-ADFE-087EA3382697} = {80723D78-EB23-4A75-8525-6E640F2FD2D7}
		{3AFC98A5-5F6B-4C53-9D74-1BA80D1C7FB5} = {80723D78-EB23-4A75-8525-6E640F2FD2D7}
		{3F989BF8-9ABD-4C2E-AE66-86AF388BABA9} = {46DE3286-229F-4613-AD1D-4A7CE6D69745}
		{85CB65C2-1E7D-43D4-AA22-BCA77E27AB74} = {46DE3286-229F-4613-AD1D-4A7CE6D69745}
		{DC872EC3-FE98-4B25-A93F-4B96CA05BEAF} = {46DE3286-229F-4613-AD1D-4A7CE6D69745}
		{7154C006-A4A5-4F22-A8AD-E455C917D693} = {713EA749-6F5E-406E-894B-E5185E61414D}
		{04294F30-C354-41E6-9A10-33C5FCFF2F8D} = {407D2F61-2D0F-49EA-895A-78B51BB4AD82}
		{6B0C5F73-9271-4C31-AD4C-FF760A39FBD8} = {407D2F61-2D0F-49EA-895A-78B51BB4AD82}
		{17E00DA3-A90F-45D3-9485-E04C4FB3FC2F} = {407D2F61-2D0F-49EA-895A-78B51BB4AD82}
		{47CB5047-50FC-493F-8E5C-2AFDD4A10640} = {94496879-379D-4915-B462-633F98FF4487}
		{9E55F769-2520-4FC7-A2E6-5AD4F2EE9DBE} = {94496879-379D-4915-B462-633F98FF4487}
		{112609FC-F994-4410-B744-F7593620D2D9} = {DC42F985-DD4F-43B3-A03B-0E65F9BB185A}
		{A33076CF-945F-4572-ABF3-52959D116941} = {DC42F985-DD4F-43B3-A03B-0E65F9BB185A}
		{C01E42C9-C084-435A-88CD-C0059F727123} = {DC42F985-DD4F-43B3-A03B-0E65F9BB185A}
		{9E57DE41-5CE7-4A9C-8220-20BE7B5AF737} = {DC42F985-DD4F-43B3-A03B-0E65F9BB185A}
		{27889E4A-DCC6-45F1-9070-E379A1213A06} = {DC42F985-DD4F-43B3-A03B-0E65F9BB185A}
	EndGlobalSection
	GlobalSection(ExtensibilityGlobals) = postSolution
		SolutionGuid = {D296B9E8-BE58-4CA1-BDCA-BB105E8F8BE8}
	EndGlobalSection
EndGlobal
