<?xml version="1.0" encoding="utf-8"?>
<Project ToolsVersion="4.0" xmlns="http://schemas.microsoft.com/developer/msbuild/2003">
  <ItemGroup>
    <Filter Include="源文件">
      <UniqueIdentifier>{4FC737F1-C7A5-4376-A066-2A32D752A2FF}</UniqueIdentifier>
      <Extensions>cpp;c;cc;cxx;def;odl;idl;hpj;bat;asm;asmx</Extensions>
    </Filter>
    <Filter Include="头文件">
      <UniqueIdentifier>{93995380-89BD-4b04-88EB-625FBE52EBFB}</UniqueIdentifier>
      <Extensions>h;hh;hpp;hxx;hm;inl;inc;ipp;xsd</Extensions>
    </Filter>
    <Filter Include="资源文件">
      <UniqueIdentifier>{67DA6AB6-F800-4c08-8B7A-83BB121AAD01}</UniqueIdentifier>
      <Extensions>rc;ico;cur;bmp;dlg;rc2;rct;bin;rgs;gif;jpg;jpeg;jpe;resx;tiff;tif;png;wav;mfcribbon-ms</Extensions>
    </Filter>
  </ItemGroup>
  <ItemGroup>
    <ClCompile Include="BufferLayer.cpp">
      <Filter>源文件</Filter>
    </ClCompile>
    <ClCompile Include="Controller.cpp">
      <Filter>源文件</Filter>
    </ClCompile>
    <ClCompile Include="CTimer.cpp">
      <Filter>源文件</Filter>
    </ClCompile>
    <ClCompile Include="GeneticAlgorithms.cpp">
      <Filter>源文件</Filter>
    </ClCompile>
    <ClCompile Include="LogSpawner.cpp">
      <Filter>源文件</Filter>
    </ClCompile>
    <ClCompile Include="main.cpp">
      <Filter>源文件</Filter>
    </ClCompile>
    <ClCompile Include="Matrix2d.cpp">
      <Filter>源文件</Filter>
    </ClCompile>
    <ClCompile Include="MineSweeper.cpp">
      <Filter>源文件</Filter>
    </ClCompile>
    <ClCompile Include="NeuralNet.cpp">
      <Filter>源文件</Filter>
    </ClCompile>
    <ClCompile Include="Params.cpp">
      <Filter>源文件</Filter>
    </ClCompile>
    <ClCompile Include="StandardWindow.cpp">
      <Filter>源文件</Filter>
    </ClCompile>
    <ClCompile Include="Vector2d.cpp">
      <Filter>源文件</Filter>
    </ClCompile>
  </ItemGroup>
  <ItemGroup>
    <ClInclude Include="BufferLayer.h">
      <Filter>头文件</Filter>
    </ClInclude>
    <ClInclude Include="Controller.h">
      <Filter>头文件</Filter>
    </ClInclude>
    <ClInclude Include="CTimer.h">
      <Filter>头文件</Filter>
    </ClInclude>
    <ClInclude Include="defines.h">
      <Filter>头文件</Filter>
    </ClInclude>
    <ClInclude Include="GeneticAlgorithms.h">
      <Filter>头文件</Filter>
    </ClInclude>
    <ClInclude Include="LogSpawner.h">
      <Filter>头文件</Filter>
    </ClInclude>
    <ClInclude Include="Matrix2d.h">
      <Filter>头文件</Filter>
    </ClInclude>
    <ClInclude Include="MineSweeper.h">
      <Filter>头文件</Filter>
    </ClInclude>
    <ClInclude Include="NeuralNet.h">
      <Filter>头文件</Filter>
    </ClInclude>
    <ClInclude Include="Params.h">
      <Filter>头文件</Filter>
    </ClInclude>
    <ClInclude Include="StandardWindow.h">
      <Filter>头文件</Filter>
    </ClInclude>
    <ClInclude Include="utils.hpp">
      <Filter>头文件</Filter>
    </ClInclude>
    <ClInclude Include="Vector2d.h">
      <Filter>头文件</Filter>
    </ClInclude>
  </ItemGroup>
</Project>